{
  "requires": true,
  "lockfileVersion": 1,
  "dependencies": {
    "angular": {
      "version": "1.7.5",
      "resolved": "https://registry.npmjs.org/angular/-/angular-1.7.5.tgz",
      "integrity": "sha512-760183yxtGzni740IBTieNuWLtPNAoMqvmC0Z62UoU0I3nqk+VJuO3JbQAXOyvo3Oy/ZsdNQwrSTh/B0OQZjNw=="
    },
    "moment": {
      "version": "2.23.0",
      "resolved": "https://registry.npmjs.org/moment/-/moment-2.23.0.tgz",
      "integrity": "sha512-3IE39bHVqFbWWaPOMHZF98Q9c3LDKGTmypMiTM2QygGXXElkFWIH7GxfmlwmY2vwa+wmNsoYZmG2iusf1ZjJoA=="
    },
    "multiple-date-picker": {
      "version": "2.1.6",
      "resolved": "https://registry.npmjs.org/multiple-date-picker/-/multiple-date-picker-2.1.6.tgz",
      "integrity": "sha1-rN0cekX686RP8FafMOexESYRo9E=",
      "requires": {
        "angular": "^1.X.X",
        "moment": "^2.X.X"
      }
    }
  }
}
